{
  "nodes": {
    "ci-agent": {
      "inputs": {
        "flake-compat": [
          "flake-compat"
        ],
        "nix-darwin": "nix-darwin",
        "nixos-20_09": [
          "nixos"
        ],
        "nixos-unstable": [
          "override"
        ],
        "pre-commit-hooks-nix": "pre-commit-hooks-nix"
      },
      "locked": {
        "lastModified": 1614270488,
        "narHash": "sha256-WC7qF0BYB7RdfnEPk9du029bkxhbNTw4MAOpYDm1KNI=",
        "owner": "hercules-ci",
        "repo": "hercules-ci-agent",
        "rev": "6adf883b66f9dcfe8b9a44e689b1ac7819077bde",
        "type": "github"
      },
      "original": {
        "owner": "hercules-ci",
        "repo": "hercules-ci-agent",
        "type": "github"
      }
    },
    "deploy": {
      "inputs": {
        "flake-compat": [
          "flake-compat"
        ],
        "naersk": [
          "naersk"
        ],
        "nixpkgs": [
          "override"
        ],
        "utils": [
          "utils"
        ]
      },
      "locked": {
        "lastModified": 1614654775,
        "narHash": "sha256-3mLxoxIXSWUuKE8YgIuqM5AZzXFd1aWxkTlplEDeXIA=",
        "owner": "serokell",
        "repo": "deploy-rs",
        "rev": "6278b9bef5ad624676a565980417cbbef42d5227",
        "type": "github"
      },
      "original": {
        "owner": "serokell",
        "repo": "deploy-rs",
        "type": "github"
      }
    },
    "devshell": {
      "locked": {
        "lastModified": 1613641255,
        "narHash": "sha256-iSvjFK4WYAKhuXCCtkY7uy/cFQTzS3D3Ml5WZqjEfL0=",
        "owner": "numtide",
        "repo": "devshell",
        "rev": "ff6cffba08600f5b7b43f398fcb58bef023bc4c4",
        "type": "github"
      },
      "original": {
        "owner": "numtide",
        "repo": "devshell",
        "type": "github"
      }
    },
    "emacs-overlay": {
      "locked": {
        "lastModified": 1614817923,
        "narHash": "sha256-bn+iFIJXWU7S2YIBtN6Pp5YbmJWkiftOuD/SvhHdBHM=",
        "owner": "nix-community",
        "repo": "emacs-overlay",
        "rev": "d08dc7286150b756cb0657f1e0edfb92ef9100d6",
        "type": "github"
      },
      "original": {
        "owner": "nix-community",
        "repo": "emacs-overlay",
        "type": "github"
      }
    },
    "flake-compat": {
      "flake": false,
      "locked": {
        "lastModified": 1611461076,
        "narHash": "sha256-ad++dTtMNeitUIKi1c66aTrVJOSf+mdZTrGrXzjDr6Q=",
        "owner": "BBBSnowball",
        "repo": "flake-compat",
        "rev": "a565cb46bee9fa856a6c15bc9c3bb947fbb784ec",
        "type": "github"
      },
      "original": {
        "owner": "BBBSnowball",
        "ref": "pr-1",
        "repo": "flake-compat",
        "type": "github"
      }
    },
    "home": {
      "inputs": {
        "nixpkgs": [
          "nixos"
        ]
      },
      "locked": {
        "lastModified": 1614828017,
        "narHash": "sha256-JOH+D/XRwC+eJcv4DI+Fa2GPa5oPHHo0LPpgC8p2aKI=",
        "owner": "nix-community",
        "repo": "home-manager",
        "rev": "0e2dc4be3006ef8354d782d34301f9a09946cfc2",
        "type": "github"
      },
      "original": {
        "owner": "nix-community",
        "ref": "master",
        "repo": "home-manager",
        "type": "github"
      }
    },
    "naersk": {
      "inputs": {
        "nixpkgs": [
          "override"
        ]
      },
      "locked": {
        "lastModified": 1614785451,
        "narHash": "sha256-TPw8kQvr2UNCuvndtY+EjyXp6Q5GEW2l9UafXXh1XmI=",
        "owner": "nmattia",
        "repo": "naersk",
        "rev": "e0fe990b478a66178a58c69cf53daec0478ca6f9",
        "type": "github"
      },
      "original": {
        "owner": "nmattia",
        "repo": "naersk",
        "type": "github"
      }
    },
    "nix-darwin": {
      "inputs": {
        "nixpkgs": "nixpkgs"
      },
      "locked": {
        "lastModified": 1612476302,
        "narHash": "sha256-gPQy5UoFU3pdnfJjxbhC56AnaMRx0DWMzHM51EJImN0=",
        "owner": "LnL7",
        "repo": "nix-darwin",
        "rev": "dca3806552420c811e539ede2af3aa7aec665ba1",
        "type": "github"
      },
      "original": {
        "owner": "LnL7",
        "repo": "nix-darwin",
        "type": "github"
      }
    },
    "nixos": {
      "locked": {
        "lastModified": 1614029319,
        "narHash": "sha256-PXu4Vf05f3E2vpl7/Iop/O+gw655O3SONYVFxbl0kuc=",
        "path": "/nix/store/dxl4kb7jclicnk2mignizz53bk8wl9z4-source",
        "rev": "c7d0dbe094c988209edac801eb2a0cc21aa498d8",
        "type": "path"
      },
      "original": {
        "id": "nixpkgs",
        "ref": "nixos-unstable",
        "type": "indirect"
      }
    },
    "nixos-hardware": {
      "locked": {
        "lastModified": 1614792912,
        "narHash": "sha256-SNteffh445fpxvZRlXQ0ZWWTIlceXB/D39o6IaLEN1s=",
        "owner": "nixos",
        "repo": "nixos-hardware",
        "rev": "3caaa0588e90e8f368fa1c5a002f24f2d4af4224",
        "type": "github"
      },
      "original": {
        "owner": "nixos",
        "repo": "nixos-hardware",
        "type": "github"
      }
    },
    "nixpkgs": {
      "locked": {
        "lastModified": 1602411953,
        "narHash": "sha256-gbupmxRpoQZqL5NBQCJN2GI5G7XDEHHHYKhVwEj5+Ps=",
        "owner": "LnL7",
        "repo": "nixpkgs",
        "rev": "f780534ea2d0c12e62607ff254b6b45f46653f7a",
        "type": "github"
      },
      "original": {
        "id": "nixpkgs",
        "type": "indirect"
      }
    },
    "nur": {
      "locked": {
        "lastModified": 1614828519,
        "narHash": "sha256-gcCKcliUAYVUsMmPFoRUHehPuiOZWFqGX4W52YKicFE=",
        "owner": "nix-community",
        "repo": "NUR",
        "rev": "7f226e82d0091eb8f12e305e0f2498743e0125e8",
        "type": "github"
      },
      "original": {
        "id": "nur",
        "type": "indirect"
      }
    },
    "override": {
      "locked": {
        "lastModified": 1614870403,
        "narHash": "sha256-2ozvSGUmwBzxKkduynNwLb0TCL8jlksMbj/14Prv1II=",
        "owner": "NixOS",
        "repo": "nixpkgs",
        "rev": "1b1bdeac67f6b63a1a5527c4be3081ae7097f693",
        "type": "github"
      },
      "original": {
        "id": "nixpkgs",
        "ref": "master",
        "type": "indirect"
      }
    },
    "pre-commit-hooks-nix": {
      "flake": false,
      "locked": {
        "lastModified": 1603721622,
        "narHash": "sha256-tUgyf5eYK5+0A/dvLzbbm4W7icxbpORuFMXiFe5yz+I=",
        "owner": "cachix",
        "repo": "pre-commit-hooks.nix",
        "rev": "efdbd6d28f7f44db3d9f8cf0e0b4cb9db0d259e1",
        "type": "github"
      },
      "original": {
        "owner": "cachix",
        "repo": "pre-commit-hooks.nix",
        "type": "github"
      }
    },
    "root": {
      "inputs": {
        "ci-agent": "ci-agent",
        "deploy": "deploy",
        "devshell": "devshell",
        "emacs-overlay": "emacs-overlay",
        "flake-compat": "flake-compat",
        "home": "home",
        "naersk": "naersk",
        "nixos": "nixos",
        "nixos-hardware": "nixos-hardware",
        "nur": "nur",
        "override": "override",
        "srcs": "srcs",
        "utils": "utils"
      }
    },
    "srcs": {
      "locked": {
        "narHash": "sha256-Ot96/oKT5+A5kdqkfYyT45cfEiqhI5UyPdEfEZjbXaA=",
        "path": "./pkgs",
        "type": "path"
      },
      "original": {
        "path": "./pkgs",
        "type": "path"
      }
    },
    "utils": {
      "locked": {
        "lastModified": 1608663846,
        "narHash": "sha256-YOAXeoNLW0IubQ6AZLGuSj5kAD5n4DYXLYReLtyds1A=",
        "owner": "numtide",
        "repo": "flake-utils",
        "rev": "a68df93a37cd5137ac22ffeb2d8a03acf253cc24",
        "type": "github"
      },
      "original": {
        "owner": "numtide",
        "ref": "flatten-tree-system",
        "repo": "flake-utils",
        "type": "github"
      }
    }
  },
  "root": "root",
  "version": 7
}
